
Microsoft Visual Studio Solution File, Format Version 12.00
# Visual Studio Version 17
VisualStudioVersion = 17.3.32929.385
MinimumVisualStudioVersion = 10.0.40219.1
Project("{FAE04EC0-301F-11D3-BF4B-00C04F79EFBC}") = "MAU_Csharp_lab4", "MAU_Csharp_lab4\MAU_Csharp_lab4.csproj", "{732F0E91-D146-4107-99A3-0D4A7B0C67E2}"
EndProject
Global
	GlobalSection(SolutionConfigurationPlatforms) = preSolution
		Debug|Any CPU = Debug|Any CPU
		Release|Any CPU = Release|Any CPU
	EndGlobalSection
	GlobalSection(ProjectConfigurationPlatforms) = postSolution
		{732F0E91-D146-4107-99A3-0D4A7B0C67E2}.Debug|Any CPU.ActiveCfg = Debug|Any CPU
		{732F0E91-D146-4107-99A3-0D4A7B0C67E2}.Debug|Any CPU.Build.0 = Debug|Any CPU
		{732F0E91-D146-4107-99A3-0D4A7B0C67E2}.Release|Any CPU.ActiveCfg = Release|Any CPU
		{732F0E91-D146-4107-99A3-0D4A7B0C67E2}.Release|Any CPU.Build.0 = Release|Any CPU
	EndGlobalSection
	GlobalSection(SolutionProperties) = preSolution
		HideSolutionNode = FALSE
	EndGlobalSection
	GlobalSection(ExtensibilityGlobals) = postSolution
		SolutionGuid = {CD9C68ED-59C9-477B-A7C3-78C777F7D3AD}
	EndGlobalSection
EndGlobal
